{
  "lockfile_version": "1",
  "packages": {
    "go-task@3.39.2": {
      "last_modified": "2024-10-13T23:44:06Z",
      "resolved": "github:NixOS/nixpkgs/d4f247e89f6e10120f911e2e2d2254a050d0f732#go-task",
      "source": "devbox-search",
      "version": "3.39.2",
      "systems": {
        "aarch64-darwin": {
          "outputs": [
            {
              "name": "out",
              "path": "/nix/store/aqcr7jv0m2s8nz481ay310i0dh4mbj48-go-task-3.39.2",
              "default": true
            }
          ],
          "store_path": "/nix/store/aqcr7jv0m2s8nz481ay310i0dh4mbj48-go-task-3.39.2"
        },
        "aarch64-linux": {
          "outputs": [
            {
              "name": "out",
              "path": "/nix/store/08haalp24y68v0krddls5c18hcl6n80p-go-task-3.39.2",
              "default": true
            }
          ],
          "store_path": "/nix/store/08haalp24y68v0krddls5c18hcl6n80p-go-task-3.39.2"
        },
        "x86_64-darwin": {
          "outputs": [
            {
              "name": "out",
              "path": "/nix/store/n6qmzm7h0vdj87qz3bfay17cfrhm3bki-go-task-3.39.2",
              "default": true
            }
          ],
          "store_path": "/nix/store/n6qmzm7h0vdj87qz3bfay17cfrhm3bki-go-task-3.39.2"
        },
        "x86_64-linux": {
          "outputs": [
            {
              "name": "out",
              "path": "/nix/store/sxlbgmc56mkv64rn772rczpin8vjn6lp-go-task-3.39.2",
              "default": true
            }
          ],
          "store_path": "/nix/store/sxlbgmc56mkv64rn772rczpin8vjn6lp-go-task-3.39.2"
        }
      }
    },
    "google-cloud-sdk@494.0.0": {
      "last_modified": "2024-10-13T23:44:06Z",
      "resolved": "github:NixOS/nixpkgs/d4f247e89f6e10120f911e2e2d2254a050d0f732#google-cloud-sdk",
      "source": "devbox-search",
      "version": "494.0.0",
      "systems": {
        "aarch64-darwin": {
          "outputs": [
            {
              "name": "out",
              "path": "/nix/store/mif16c9nafdcqgkys5h3959pkclw6lv3-google-cloud-sdk-494.0.0",
              "default": true
            }
          ],
          "store_path": "/nix/store/mif16c9nafdcqgkys5h3959pkclw6lv3-google-cloud-sdk-494.0.0"
        },
        "aarch64-linux": {
          "outputs": [
            {
              "name": "out",
              "path": "/nix/store/dk9p4ham0xddx7bl8k4a4n0jwfkr54ky-google-cloud-sdk-494.0.0",
              "default": true
            }
          ],
          "store_path": "/nix/store/dk9p4ham0xddx7bl8k4a4n0jwfkr54ky-google-cloud-sdk-494.0.0"
        },
        "x86_64-darwin": {
          "outputs": [
            {
              "name": "out",
              "path": "/nix/store/x1jn7qbnjzm0mvg08ml239zz5gaf2wpb-google-cloud-sdk-494.0.0",
              "default": true
            }
          ],
          "store_path": "/nix/store/x1jn7qbnjzm0mvg08ml239zz5gaf2wpb-google-cloud-sdk-494.0.0"
        },
        "x86_64-linux": {
          "outputs": [
            {
              "name": "out",
              "path": "/nix/store/7nl2a2araiaig0ic9xkf8sphb7nvszyz-google-cloud-sdk-494.0.0",
              "default": true
            }
          ],
          "store_path": "/nix/store/7nl2a2araiaig0ic9xkf8sphb7nvszyz-google-cloud-sdk-494.0.0"
        }
      }
    },
    "terraform@1.9.8": {
      "last_modified": "2024-10-17T04:50:07Z",
      "resolved": "github:NixOS/nixpkgs/1bde3e8e37a72989d4d455adde764d45f45dc11c#terraform",
      "source": "devbox-search",
      "version": "1.9.8",
      "systems": {
        "aarch64-darwin": {
          "outputs": [
            {
              "name": "out",
              "path": "/nix/store/r46vycq0bs55r759c9s442f9zns8p175-terraform-1.9.8",
              "default": true
            }
          ],
          "store_path": "/nix/store/r46vycq0bs55r759c9s442f9zns8p175-terraform-1.9.8"
        },
        "aarch64-linux": {
          "outputs": [
            {
              "name": "out",
              "path": "/nix/store/x8vw40976wi5ggbh4za2l1h1xlq5w5br-terraform-1.9.8",
              "default": true
            }
          ],
          "store_path": "/nix/store/x8vw40976wi5ggbh4za2l1h1xlq5w5br-terraform-1.9.8"
        },
        "x86_64-darwin": {
          "outputs": [
            {
              "name": "out",
              "path": "/nix/store/9kz1ls4vzwvs30v8a73p31yjl7r64a95-terraform-1.9.8",
              "default": true
            }
          ],
          "store_path": "/nix/store/9kz1ls4vzwvs30v8a73p31yjl7r64a95-terraform-1.9.8"
        },
        "x86_64-linux": {
          "outputs": [
            {
              "name": "out",
              "path": "/nix/store/j9g3d1wrlblm07lsn2hqvz4b3w180lfd-terraform-1.9.8",
              "default": true
            }
          ],
          "store_path": "/nix/store/j9g3d1wrlblm07lsn2hqvz4b3w180lfd-terraform-1.9.8"
        }
      }
    }
  }
}
