{
  "lockfile_version": "1",
  "packages": {
    "go-task@3.39.2": {
      "last_modified": "2024-10-13T23:44:06Z",
      "resolved": "github:NixOS/nixpkgs/d4f247e89f6e10120f911e2e2d2254a050d0f732#go-task",
      "source": "devbox-search",
      "version": "3.39.2",
      "systems": {
        "aarch64-darwin": {
          "outputs": [
            {
              "name": "out",
              "path": "/nix/store/aqcr7jv0m2s8nz481ay310i0dh4mbj48-go-task-3.39.2",
              "default": true
            }
          ],
          "store_path": "/nix/store/aqcr7jv0m2s8nz481ay310i0dh4mbj48-go-task-3.39.2"
        },
        "aarch64-linux": {
          "outputs": [
            {
              "name": "out",
              "path": "/nix/store/08haalp24y68v0krddls5c18hcl6n80p-go-task-3.39.2",
              "default": true
            }
          ],
          "store_path": "/nix/store/08haalp24y68v0krddls5c18hcl6n80p-go-task-3.39.2"
        },
        "x86_64-darwin": {
          "outputs": [
            {
              "name": "out",
              "path": "/nix/store/n6qmzm7h0vdj87qz3bfay17cfrhm3bki-go-task-3.39.2",
              "default": true
            }
          ],
          "store_path": "/nix/store/n6qmzm7h0vdj87qz3bfay17cfrhm3bki-go-task-3.39.2"
        },
        "x86_64-linux": {
          "outputs": [
            {
              "name": "out",
              "path": "/nix/store/sxlbgmc56mkv64rn772rczpin8vjn6lp-go-task-3.39.2",
              "default": true
            }
          ],
          "store_path": "/nix/store/sxlbgmc56mkv64rn772rczpin8vjn6lp-go-task-3.39.2"
        }
      }
    },
    "terraform@1.9.8": {
      "last_modified": "2024-10-17T04:50:07Z",
      "resolved": "github:NixOS/nixpkgs/1bde3e8e37a72989d4d455adde764d45f45dc11c#terraform",
      "source": "devbox-search",
      "version": "1.9.8",
      "systems": {
        "aarch64-darwin": {
          "outputs": [
            {
              "name": "out",
              "path": "/nix/store/r46vycq0bs55r759c9s442f9zns8p175-terraform-1.9.8",
              "default": true
            }
          ],
          "store_path": "/nix/store/r46vycq0bs55r759c9s442f9zns8p175-terraform-1.9.8"
        },
        "aarch64-linux": {
          "outputs": [
            {
              "name": "out",
              "path": "/nix/store/x8vw40976wi5ggbh4za2l1h1xlq5w5br-terraform-1.9.8",
              "default": true
            }
          ],
          "store_path": "/nix/store/x8vw40976wi5ggbh4za2l1h1xlq5w5br-terraform-1.9.8"
        },
        "x86_64-darwin": {
          "outputs": [
            {
              "name": "out",
              "path": "/nix/store/9kz1ls4vzwvs30v8a73p31yjl7r64a95-terraform-1.9.8",
              "default": true
            }
          ],
          "store_path": "/nix/store/9kz1ls4vzwvs30v8a73p31yjl7r64a95-terraform-1.9.8"
        },
        "x86_64-linux": {
          "outputs": [
            {
              "name": "out",
              "path": "/nix/store/j9g3d1wrlblm07lsn2hqvz4b3w180lfd-terraform-1.9.8",
              "default": true
            }
          ],
          "store_path": "/nix/store/j9g3d1wrlblm07lsn2hqvz4b3w180lfd-terraform-1.9.8"
        }
      }
    },
    "terragrunt@0.67.9": {
      "last_modified": "2024-11-03T14:18:04Z",
      "resolved": "github:NixOS/nixpkgs/4ae2e647537bcdbb82265469442713d066675275#terragrunt",
      "source": "devbox-search",
      "version": "0.67.9",
      "systems": {
        "aarch64-darwin": {
          "outputs": [
            {
              "name": "out",
              "path": "/nix/store/ln2m091pwwh1ymb1w6xhl1r996vsjivi-terragrunt-0.67.9",
              "default": true
            }
          ],
          "store_path": "/nix/store/ln2m091pwwh1ymb1w6xhl1r996vsjivi-terragrunt-0.67.9"
        },
        "aarch64-linux": {
          "outputs": [
            {
              "name": "out",
              "path": "/nix/store/qjsf56iqgnj678wzzynkm43rl7a3d2cn-terragrunt-0.67.9",
              "default": true
            }
          ],
          "store_path": "/nix/store/qjsf56iqgnj678wzzynkm43rl7a3d2cn-terragrunt-0.67.9"
        },
        "x86_64-darwin": {
          "outputs": [
            {
              "name": "out",
              "path": "/nix/store/ijq05ph910ar9np0px2dlhk6n6zsmh4b-terragrunt-0.67.9",
              "default": true
            }
          ],
          "store_path": "/nix/store/ijq05ph910ar9np0px2dlhk6n6zsmh4b-terragrunt-0.67.9"
        },
        "x86_64-linux": {
          "outputs": [
            {
              "name": "out",
              "path": "/nix/store/0b3v3j2z2iz7y7693ichgqvgccxq9s75-terragrunt-0.67.9",
              "default": true
            }
          ],
          "store_path": "/nix/store/0b3v3j2z2iz7y7693ichgqvgccxq9s75-terragrunt-0.67.9"
        }
      }
    }
  }
}
